// !$*UTF8*$!
{
	archiveVersion = 1;
	classes = {
	};
	objectVersion = 51;
	objects = {

/* Begin PBXBuildFile section */
		1D2DBC96079DB1EFFC8B413D /* Pods_IntellisportsTask_IntellisportsTaskUITests.framework in Frameworks */ = {isa = PBXBuildFile; fileRef = 2A518CC6AB538224A6B4B6EA /* Pods_IntellisportsTask_IntellisportsTaskUITests.framework */; };
		503489B5780A11518C6E4F72 /* Pods_IntellisportsTaskTests.framework in Frameworks */ = {isa = PBXBuildFile; fileRef = 05DC7F9CE8A56AB9532FA6DF /* Pods_IntellisportsTaskTests.framework */; };
		A34267D95CFA3774C47C7B65 /* Pods_IntellisportsTask.framework in Frameworks */ = {isa = PBXBuildFile; fileRef = F74DA891FD287AF564A8FF09 /* Pods_IntellisportsTask.framework */; };
		AB57B87E266C926F00CDB8A3 /* AppDelegate.swift in Sources */ = {isa = PBXBuildFile; fileRef = AB57B87D266C926F00CDB8A3 /* AppDelegate.swift */; };
		AB57B880266C926F00CDB8A3 /* SceneDelegate.swift in Sources */ = {isa = PBXBuildFile; fileRef = AB57B87F266C926F00CDB8A3 /* SceneDelegate.swift */; };
		AB57B882266C926F00CDB8A3 /* PlayerViewController.swift in Sources */ = {isa = PBXBuildFile; fileRef = AB57B881266C926F00CDB8A3 /* PlayerViewController.swift */; };
		AB57B885266C926F00CDB8A3 /* Main.storyboard in Resources */ = {isa = PBXBuildFile; fileRef = AB57B883266C926F00CDB8A3 /* Main.storyboard */; };
		AB57B887266C927100CDB8A3 /* Assets.xcassets in Resources */ = {isa = PBXBuildFile; fileRef = AB57B886266C927100CDB8A3 /* Assets.xcassets */; };
		AB57B88A266C927100CDB8A3 /* LaunchScreen.storyboard in Resources */ = {isa = PBXBuildFile; fileRef = AB57B888266C927100CDB8A3 /* LaunchScreen.storyboard */; };
		AB57B895266C927100CDB8A3 /* IntellisportsTaskTests.swift in Sources */ = {isa = PBXBuildFile; fileRef = AB57B894266C927100CDB8A3 /* IntellisportsTaskTests.swift */; };
		AB57B8A0266C927100CDB8A3 /* IntellisportsTaskUITests.swift in Sources */ = {isa = PBXBuildFile; fileRef = AB57B89F266C927100CDB8A3 /* IntellisportsTaskUITests.swift */; };
		AB57B8BE266C93E000CDB8A3 /* Player.swift in Sources */ = {isa = PBXBuildFile; fileRef = AB57B8BD266C93E000CDB8A3 /* Player.swift */; };
		AB57B8C6266C98B300CDB8A3 /* IntelliApiUrl.swift in Sources */ = {isa = PBXBuildFile; fileRef = AB57B8C5266C98B300CDB8A3 /* IntelliApiUrl.swift */; };
		AB57B8CB266C9ABA00CDB8A3 /* PlayerService.swift in Sources */ = {isa = PBXBuildFile; fileRef = AB57B8CA266C9ABA00CDB8A3 /* PlayerService.swift */; };
		AB57B8E0266E691E00CDB8A3 /* PlayerTableViewCell.swift in Sources */ = {isa = PBXBuildFile; fileRef = AB57B8DE266E691E00CDB8A3 /* PlayerTableViewCell.swift */; };
		AB57B8E1266E691E00CDB8A3 /* PlayerTableViewCell.xib in Resources */ = {isa = PBXBuildFile; fileRef = AB57B8DF266E691E00CDB8A3 /* PlayerTableViewCell.xib */; };
		AB57B8E6266E793200CDB8A3 /* UIView+Extensions.swift in Sources */ = {isa = PBXBuildFile; fileRef = AB57B8E5266E793200CDB8A3 /* UIView+Extensions.swift */; };
		AB57B8EB266E7BDB00CDB8A3 /* PlayerListPresenter.swift in Sources */ = {isa = PBXBuildFile; fileRef = AB57B8EA266E7BDB00CDB8A3 /* PlayerListPresenter.swift */; };
		AB57B8F0266E7F2900CDB8A3 /* Common.swift in Sources */ = {isa = PBXBuildFile; fileRef = AB57B8EF266E7F2900CDB8A3 /* Common.swift */; };
/* End PBXBuildFile section */

/* Begin PBXContainerItemProxy section */
		AB57B891266C927100CDB8A3 /* PBXContainerItemProxy */ = {
			isa = PBXContainerItemProxy;
			containerPortal = AB57B872266C926F00CDB8A3 /* Project object */;
			proxyType = 1;
			remoteGlobalIDString = AB57B879266C926F00CDB8A3;
			remoteInfo = IntellisportsTask;
		};
		AB57B89C266C927100CDB8A3 /* PBXContainerItemProxy */ = {
			isa = PBXContainerItemProxy;
			containerPortal = AB57B872266C926F00CDB8A3 /* Project object */;
			proxyType = 1;
			remoteGlobalIDString = AB57B879266C926F00CDB8A3;
			remoteInfo = IntellisportsTask;
		};
/* End PBXContainerItemProxy section */

/* Begin PBXFileReference section */
		05DC7F9CE8A56AB9532FA6DF /* Pods_IntellisportsTaskTests.framework */ = {isa = PBXFileReference; explicitFileType = wrapper.framework; includeInIndex = 0; path = Pods_IntellisportsTaskTests.framework; sourceTree = BUILT_PRODUCTS_DIR; };
		2A518CC6AB538224A6B4B6EA /* Pods_IntellisportsTask_IntellisportsTaskUITests.framework */ = {isa = PBXFileReference; explicitFileType = wrapper.framework; includeInIndex = 0; path = Pods_IntellisportsTask_IntellisportsTaskUITests.framework; sourceTree = BUILT_PRODUCTS_DIR; };
		4FC28F6549FC0CF81E19AC76 /* Pods-IntellisportsTaskTests.debug.xcconfig */ = {isa = PBXFileReference; includeInIndex = 1; lastKnownFileType = text.xcconfig; name = "Pods-IntellisportsTaskTests.debug.xcconfig"; path = "Target Support Files/Pods-IntellisportsTaskTests/Pods-IntellisportsTaskTests.debug.xcconfig"; sourceTree = "<group>"; };
		589609BC4715F2D353C2DF1F /* Pods-IntellisportsTask-IntellisportsTaskUITests.release.xcconfig */ = {isa = PBXFileReference; includeInIndex = 1; lastKnownFileType = text.xcconfig; name = "Pods-IntellisportsTask-IntellisportsTaskUITests.release.xcconfig"; path = "Target Support Files/Pods-IntellisportsTask-IntellisportsTaskUITests/Pods-IntellisportsTask-IntellisportsTaskUITests.release.xcconfig"; sourceTree = "<group>"; };
		7EB9049DF365FCF6C3A884B5 /* Pods-IntellisportsTask-IntellisportsTaskUITests.debug.xcconfig */ = {isa = PBXFileReference; includeInIndex = 1; lastKnownFileType = text.xcconfig; name = "Pods-IntellisportsTask-IntellisportsTaskUITests.debug.xcconfig"; path = "Target Support Files/Pods-IntellisportsTask-IntellisportsTaskUITests/Pods-IntellisportsTask-IntellisportsTaskUITests.debug.xcconfig"; sourceTree = "<group>"; };
		AB57B87A266C926F00CDB8A3 /* IntellisportsTask.app */ = {isa = PBXFileReference; explicitFileType = wrapper.application; includeInIndex = 0; path = IntellisportsTask.app; sourceTree = BUILT_PRODUCTS_DIR; };
		AB57B87D266C926F00CDB8A3 /* AppDelegate.swift */ = {isa = PBXFileReference; lastKnownFileType = sourcecode.swift; path = AppDelegate.swift; sourceTree = "<group>"; };
		AB57B87F266C926F00CDB8A3 /* SceneDelegate.swift */ = {isa = PBXFileReference; lastKnownFileType = sourcecode.swift; path = SceneDelegate.swift; sourceTree = "<group>"; };
		AB57B881266C926F00CDB8A3 /* PlayerViewController.swift */ = {isa = PBXFileReference; lastKnownFileType = sourcecode.swift; path = PlayerViewController.swift; sourceTree = "<group>"; };
		AB57B884266C926F00CDB8A3 /* Base */ = {isa = PBXFileReference; lastKnownFileType = file.storyboard; name = Base; path = Base.lproj/Main.storyboard; sourceTree = "<group>"; };
		AB57B886266C927100CDB8A3 /* Assets.xcassets */ = {isa = PBXFileReference; lastKnownFileType = folder.assetcatalog; path = Assets.xcassets; sourceTree = "<group>"; };
		AB57B889266C927100CDB8A3 /* Base */ = {isa = PBXFileReference; lastKnownFileType = file.storyboard; name = Base; path = Base.lproj/LaunchScreen.storyboard; sourceTree = "<group>"; };
		AB57B88B266C927100CDB8A3 /* Info.plist */ = {isa = PBXFileReference; lastKnownFileType = text.plist.xml; path = Info.plist; sourceTree = "<group>"; };
		AB57B890266C927100CDB8A3 /* IntellisportsTaskTests.xctest */ = {isa = PBXFileReference; explicitFileType = wrapper.cfbundle; includeInIndex = 0; path = IntellisportsTaskTests.xctest; sourceTree = BUILT_PRODUCTS_DIR; };
		AB57B894266C927100CDB8A3 /* IntellisportsTaskTests.swift */ = {isa = PBXFileReference; lastKnownFileType = sourcecode.swift; path = IntellisportsTaskTests.swift; sourceTree = "<group>"; };
		AB57B896266C927100CDB8A3 /* Info.plist */ = {isa = PBXFileReference; lastKnownFileType = text.plist.xml; path = Info.plist; sourceTree = "<group>"; };
		AB57B89B266C927100CDB8A3 /* IntellisportsTaskUITests.xctest */ = {isa = PBXFileReference; explicitFileType = wrapper.cfbundle; includeInIndex = 0; path = IntellisportsTaskUITests.xctest; sourceTree = BUILT_PRODUCTS_DIR; };
		AB57B89F266C927100CDB8A3 /* IntellisportsTaskUITests.swift */ = {isa = PBXFileReference; lastKnownFileType = sourcecode.swift; path = IntellisportsTaskUITests.swift; sourceTree = "<group>"; };
		AB57B8A1266C927100CDB8A3 /* Info.plist */ = {isa = PBXFileReference; lastKnownFileType = text.plist.xml; path = Info.plist; sourceTree = "<group>"; };
		AB57B8BD266C93E000CDB8A3 /* Player.swift */ = {isa = PBXFileReference; lastKnownFileType = sourcecode.swift; path = Player.swift; sourceTree = "<group>"; };
		AB57B8C5266C98B300CDB8A3 /* IntelliApiUrl.swift */ = {isa = PBXFileReference; lastKnownFileType = sourcecode.swift; path = IntelliApiUrl.swift; sourceTree = "<group>"; };
		AB57B8CA266C9ABA00CDB8A3 /* PlayerService.swift */ = {isa = PBXFileReference; lastKnownFileType = sourcecode.swift; path = PlayerService.swift; sourceTree = "<group>"; };
		AB57B8DE266E691E00CDB8A3 /* PlayerTableViewCell.swift */ = {isa = PBXFileReference; lastKnownFileType = sourcecode.swift; path = PlayerTableViewCell.swift; sourceTree = "<group>"; };
		AB57B8DF266E691E00CDB8A3 /* PlayerTableViewCell.xib */ = {isa = PBXFileReference; lastKnownFileType = file.xib; path = PlayerTableViewCell.xib; sourceTree = "<group>"; };
		AB57B8E5266E793200CDB8A3 /* UIView+Extensions.swift */ = {isa = PBXFileReference; lastKnownFileType = sourcecode.swift; path = "UIView+Extensions.swift"; sourceTree = "<group>"; };
		AB57B8EA266E7BDB00CDB8A3 /* PlayerListPresenter.swift */ = {isa = PBXFileReference; lastKnownFileType = sourcecode.swift; path = PlayerListPresenter.swift; sourceTree = "<group>"; };
		AB57B8EF266E7F2900CDB8A3 /* Common.swift */ = {isa = PBXFileReference; lastKnownFileType = sourcecode.swift; path = Common.swift; sourceTree = "<group>"; };
		DAEF7697B6B4E0201515F3CF /* Pods-IntellisportsTask.debug.xcconfig */ = {isa = PBXFileReference; includeInIndex = 1; lastKnownFileType = text.xcconfig; name = "Pods-IntellisportsTask.debug.xcconfig"; path = "Target Support Files/Pods-IntellisportsTask/Pods-IntellisportsTask.debug.xcconfig"; sourceTree = "<group>"; };
		E34F5FA4C37CF3116BF74376 /* Pods-IntellisportsTask.release.xcconfig */ = {isa = PBXFileReference; includeInIndex = 1; lastKnownFileType = text.xcconfig; name = "Pods-IntellisportsTask.release.xcconfig"; path = "Target Support Files/Pods-IntellisportsTask/Pods-IntellisportsTask.release.xcconfig"; sourceTree = "<group>"; };
		E5D8A563720961B5F2258BF6 /* Pods-IntellisportsTaskTests.release.xcconfig */ = {isa = PBXFileReference; includeInIndex = 1; lastKnownFileType = text.xcconfig; name = "Pods-IntellisportsTaskTests.release.xcconfig"; path = "Target Support Files/Pods-IntellisportsTaskTests/Pods-IntellisportsTaskTests.release.xcconfig"; sourceTree = "<group>"; };
		F74DA891FD287AF564A8FF09 /* Pods_IntellisportsTask.framework */ = {isa = PBXFileReference; explicitFileType = wrapper.framework; includeInIndex = 0; path = Pods_IntellisportsTask.framework; sourceTree = BUILT_PRODUCTS_DIR; };
/* End PBXFileReference section */

/* Begin PBXFrameworksBuildPhase section */
		AB57B877266C926F00CDB8A3 /* Frameworks */ = {
			isa = PBXFrameworksBuildPhase;
			buildActionMask = 2147483647;
			files = (
				A34267D95CFA3774C47C7B65 /* Pods_IntellisportsTask.framework in Frameworks */,
			);
			runOnlyForDeploymentPostprocessing = 0;
		};
		AB57B88D266C927100CDB8A3 /* Frameworks */ = {
			isa = PBXFrameworksBuildPhase;
			buildActionMask = 2147483647;
			files = (
				503489B5780A11518C6E4F72 /* Pods_IntellisportsTaskTests.framework in Frameworks */,
			);
			runOnlyForDeploymentPostprocessing = 0;
		};
		AB57B898266C927100CDB8A3 /* Frameworks */ = {
			isa = PBXFrameworksBuildPhase;
			buildActionMask = 2147483647;
			files = (
				1D2DBC96079DB1EFFC8B413D /* Pods_IntellisportsTask_IntellisportsTaskUITests.framework in Frameworks */,
			);
			runOnlyForDeploymentPostprocessing = 0;
		};
/* End PBXFrameworksBuildPhase section */

/* Begin PBXGroup section */
		AB57B871266C926F00CDB8A3 = {
			isa = PBXGroup;
			children = (
				AB57B87C266C926F00CDB8A3 /* IntellisportsTask */,
				AB57B893266C927100CDB8A3 /* IntellisportsTaskTests */,
				AB57B89E266C927100CDB8A3 /* IntellisportsTaskUITests */,
				AB57B87B266C926F00CDB8A3 /* Products */,
				B541D12E9A9D1F8C482A83E5 /* Pods */,
				AF7A0CC7C7031AD393CB942D /* Frameworks */,
			);
			sourceTree = "<group>";
		};
		AB57B87B266C926F00CDB8A3 /* Products */ = {
			isa = PBXGroup;
			children = (
				AB57B87A266C926F00CDB8A3 /* IntellisportsTask.app */,
				AB57B890266C927100CDB8A3 /* IntellisportsTaskTests.xctest */,
				AB57B89B266C927100CDB8A3 /* IntellisportsTaskUITests.xctest */,
			);
			name = Products;
			sourceTree = "<group>";
		};
		AB57B87C266C926F00CDB8A3 /* IntellisportsTask */ = {
			isa = PBXGroup;
			children = (
				AB57B8BA266C938B00CDB8A3 /* Appdelegate */,
				AB57B8B9266C938100CDB8A3 /* Extensions */,
				AB57B8B8266C937800CDB8A3 /* Services */,
				AB57B8B7266C936D00CDB8A3 /* Model */,
				AB57B8B6266C936800CDB8A3 /* Presenter */,
				AB57B8B5266C936400CDB8A3 /* View */,
				AB57B8B3266C934600CDB8A3 /* Storyboard */,
				AB57B8B4266C935800CDB8A3 /* Helper */,
				AB57B886266C927100CDB8A3 /* Assets.xcassets */,
				AB57B88B266C927100CDB8A3 /* Info.plist */,
			);
			path = IntellisportsTask;
			sourceTree = "<group>";
		};
		AB57B893266C927100CDB8A3 /* IntellisportsTaskTests */ = {
			isa = PBXGroup;
			children = (
				AB57B894266C927100CDB8A3 /* IntellisportsTaskTests.swift */,
				AB57B896266C927100CDB8A3 /* Info.plist */,
			);
			path = IntellisportsTaskTests;
			sourceTree = "<group>";
		};
		AB57B89E266C927100CDB8A3 /* IntellisportsTaskUITests */ = {
			isa = PBXGroup;
			children = (
				AB57B89F266C927100CDB8A3 /* IntellisportsTaskUITests.swift */,
				AB57B8A1266C927100CDB8A3 /* Info.plist */,
			);
			path = IntellisportsTaskUITests;
			sourceTree = "<group>";
		};
		AB57B8B3266C934600CDB8A3 /* Storyboard */ = {
			isa = PBXGroup;
			children = (
				AB57B888266C927100CDB8A3 /* LaunchScreen.storyboard */,
				AB57B883266C926F00CDB8A3 /* Main.storyboard */,
			);
			path = Storyboard;
			sourceTree = "<group>";
		};
		AB57B8B4266C935800CDB8A3 /* Helper */ = {
			isa = PBXGroup;
			children = (
				AB57B8EF266E7F2900CDB8A3 /* Common.swift */,
			);
			path = Helper;
			sourceTree = "<group>";
		};
		AB57B8B5266C936400CDB8A3 /* View */ = {
			isa = PBXGroup;
			children = (
				AB57B8D2266E68E100CDB8A3 /* Subviews */,
				AB57B8BB266C93A300CDB8A3 /* ViewControllers */,
			);
			path = View;
			sourceTree = "<group>";
		};
		AB57B8B6266C936800CDB8A3 /* Presenter */ = {
			isa = PBXGroup;
			children = (
				AB57B8EA266E7BDB00CDB8A3 /* PlayerListPresenter.swift */,
			);
			path = Presenter;
			sourceTree = "<group>";
		};
		AB57B8B7266C936D00CDB8A3 /* Model */ = {
			isa = PBXGroup;
			children = (
				AB57B8BD266C93E000CDB8A3 /* Player.swift */,
			);
			path = Model;
			sourceTree = "<group>";
		};
		AB57B8B8266C937800CDB8A3 /* Services */ = {
			isa = PBXGroup;
			children = (
				AB57B8C5266C98B300CDB8A3 /* IntelliApiUrl.swift */,
				AB57B8CA266C9ABA00CDB8A3 /* PlayerService.swift */,
			);
			path = Services;
			sourceTree = "<group>";
		};
		AB57B8B9266C938100CDB8A3 /* Extensions */ = {
			isa = PBXGroup;
			children = (
				AB57B8E5266E793200CDB8A3 /* UIView+Extensions.swift */,
			);
			path = Extensions;
			sourceTree = "<group>";
		};
		AB57B8BA266C938B00CDB8A3 /* Appdelegate */ = {
			isa = PBXGroup;
			children = (
				AB57B87D266C926F00CDB8A3 /* AppDelegate.swift */,
				AB57B87F266C926F00CDB8A3 /* SceneDelegate.swift */,
			);
			path = Appdelegate;
			sourceTree = "<group>";
		};
		AB57B8BB266C93A300CDB8A3 /* ViewControllers */ = {
			isa = PBXGroup;
			children = (
				AB57B881266C926F00CDB8A3 /* PlayerViewController.swift */,
			);
			path = ViewControllers;
			sourceTree = "<group>";
		};
		AB57B8D2266E68E100CDB8A3 /* Subviews */ = {
			isa = PBXGroup;
			children = (
				AB57B8DE266E691E00CDB8A3 /* PlayerTableViewCell.swift */,
				AB57B8DF266E691E00CDB8A3 /* PlayerTableViewCell.xib */,
			);
			path = Subviews;
			sourceTree = "<group>";
		};
		AF7A0CC7C7031AD393CB942D /* Frameworks */ = {
			isa = PBXGroup;
			children = (
				F74DA891FD287AF564A8FF09 /* Pods_IntellisportsTask.framework */,
				2A518CC6AB538224A6B4B6EA /* Pods_IntellisportsTask_IntellisportsTaskUITests.framework */,
				05DC7F9CE8A56AB9532FA6DF /* Pods_IntellisportsTaskTests.framework */,
			);
			name = Frameworks;
			sourceTree = "<group>";
		};
		B541D12E9A9D1F8C482A83E5 /* Pods */ = {
			isa = PBXGroup;
			children = (
				DAEF7697B6B4E0201515F3CF /* Pods-IntellisportsTask.debug.xcconfig */,
				E34F5FA4C37CF3116BF74376 /* Pods-IntellisportsTask.release.xcconfig */,
				7EB9049DF365FCF6C3A884B5 /* Pods-IntellisportsTask-IntellisportsTaskUITests.debug.xcconfig */,
				589609BC4715F2D353C2DF1F /* Pods-IntellisportsTask-IntellisportsTaskUITests.release.xcconfig */,
				4FC28F6549FC0CF81E19AC76 /* Pods-IntellisportsTaskTests.debug.xcconfig */,
				E5D8A563720961B5F2258BF6 /* Pods-IntellisportsTaskTests.release.xcconfig */,
			);
			path = Pods;
			sourceTree = "<group>";
		};
/* End PBXGroup section */

/* Begin PBXNativeTarget section */
		AB57B879266C926F00CDB8A3 /* IntellisportsTask */ = {
			isa = PBXNativeTarget;
			buildConfigurationList = AB57B8A4266C927100CDB8A3 /* Build configuration list for PBXNativeTarget "IntellisportsTask" */;
			buildPhases = (
				BF36689BF112279313E690BE /* [CP] Check Pods Manifest.lock */,
				AB57B876266C926F00CDB8A3 /* Sources */,
				AB57B877266C926F00CDB8A3 /* Frameworks */,
				AB57B878266C926F00CDB8A3 /* Resources */,
				FDB4140C3AADBC6686F9FD5E /* [CP] Embed Pods Frameworks */,
			);
			buildRules = (
			);
			dependencies = (
			);
			name = IntellisportsTask;
			productName = IntellisportsTask;
			productReference = AB57B87A266C926F00CDB8A3 /* IntellisportsTask.app */;
			productType = "com.apple.product-type.application";
		};
		AB57B88F266C927100CDB8A3 /* IntellisportsTaskTests */ = {
			isa = PBXNativeTarget;
			buildConfigurationList = AB57B8A7266C927100CDB8A3 /* Build configuration list for PBXNativeTarget "IntellisportsTaskTests" */;
			buildPhases = (
				13D809347B695B0DFA7730B9 /* [CP] Check Pods Manifest.lock */,
				AB57B88C266C927100CDB8A3 /* Sources */,
				AB57B88D266C927100CDB8A3 /* Frameworks */,
				AB57B88E266C927100CDB8A3 /* Resources */,
			);
			buildRules = (
			);
			dependencies = (
				AB57B892266C927100CDB8A3 /* PBXTargetDependency */,
			);
			name = IntellisportsTaskTests;
			productName = IntellisportsTaskTests;
			productReference = AB57B890266C927100CDB8A3 /* IntellisportsTaskTests.xctest */;
			productType = "com.apple.product-type.bundle.unit-test";
		};
		AB57B89A266C927100CDB8A3 /* IntellisportsTaskUITests */ = {
			isa = PBXNativeTarget;
			buildConfigurationList = AB57B8AA266C927100CDB8A3 /* Build configuration list for PBXNativeTarget "IntellisportsTaskUITests" */;
			buildPhases = (
				95D34EFDD73F4459F03D1057 /* [CP] Check Pods Manifest.lock */,
				AB57B897266C927100CDB8A3 /* Sources */,
				AB57B898266C927100CDB8A3 /* Frameworks */,
				AB57B899266C927100CDB8A3 /* Resources */,
				028549A8B329C9A1DB79F47A /* [CP] Embed Pods Frameworks */,
			);
			buildRules = (
			);
			dependencies = (
				AB57B89D266C927100CDB8A3 /* PBXTargetDependency */,
			);
			name = IntellisportsTaskUITests;
			productName = IntellisportsTaskUITests;
			productReference = AB57B89B266C927100CDB8A3 /* IntellisportsTaskUITests.xctest */;
			productType = "com.apple.product-type.bundle.ui-testing";
		};
/* End PBXNativeTarget section */

/* Begin PBXProject section */
		AB57B872266C926F00CDB8A3 /* Project object */ = {
			isa = PBXProject;
			attributes = {
				LastSwiftUpdateCheck = 1230;
				LastUpgradeCheck = 1230;
				TargetAttributes = {
					AB57B879266C926F00CDB8A3 = {
						CreatedOnToolsVersion = 12.3;
					};
					AB57B88F266C927100CDB8A3 = {
						CreatedOnToolsVersion = 12.3;
						TestTargetID = AB57B879266C926F00CDB8A3;
					};
					AB57B89A266C927100CDB8A3 = {
						CreatedOnToolsVersion = 12.3;
						TestTargetID = AB57B879266C926F00CDB8A3;
					};
				};
			};
			buildConfigurationList = AB57B875266C926F00CDB8A3 /* Build configuration list for PBXProject "IntellisportsTask" */;
			compatibilityVersion = "Xcode 9.3";
			developmentRegion = en;
			hasScannedForEncodings = 0;
			knownRegions = (
				en,
				Base,
			);
			mainGroup = AB57B871266C926F00CDB8A3;
			productRefGroup = AB57B87B266C926F00CDB8A3 /* Products */;
			projectDirPath = "";
			projectRoot = "";
			targets = (
				AB57B879266C926F00CDB8A3 /* IntellisportsTask */,
				AB57B88F266C927100CDB8A3 /* IntellisportsTaskTests */,
				AB57B89A266C927100CDB8A3 /* IntellisportsTaskUITests */,
			);
		};
/* End PBXProject section */

/* Begin PBXResourcesBuildPhase section */
		AB57B878266C926F00CDB8A3 /* Resources */ = {
			isa = PBXResourcesBuildPhase;
			buildActionMask = 2147483647;
			files = (
				AB57B8E1266E691E00CDB8A3 /* PlayerTableViewCell.xib in Resources */,
				AB57B88A266C927100CDB8A3 /* LaunchScreen.storyboard in Resources */,
				AB57B887266C927100CDB8A3 /* Assets.xcassets in Resources */,
				AB57B885266C926F00CDB8A3 /* Main.storyboard in Resources */,
			);
			runOnlyForDeploymentPostprocessing = 0;
		};
		AB57B88E266C927100CDB8A3 /* Resources */ = {
			isa = PBXResourcesBuildPhase;
			buildActionMask = 2147483647;
			files = (
			);
			runOnlyForDeploymentPostprocessing = 0;
		};
		AB57B899266C927100CDB8A3 /* Resources */ = {
			isa = PBXResourcesBuildPhase;
			buildActionMask = 2147483647;
			files = (
			);
			runOnlyForDeploymentPostprocessing = 0;
		};
/* End PBXResourcesBuildPhase section */

/* Begin PBXShellScriptBuildPhase section */
		028549A8B329C9A1DB79F47A /* [CP] Embed Pods Frameworks */ = {
			isa = PBXShellScriptBuildPhase;
			buildActionMask = 2147483647;
			files = (
			);
			inputFileListPaths = (
				"${PODS_ROOT}/Target Support Files/Pods-IntellisportsTask-IntellisportsTaskUITests/Pods-IntellisportsTask-IntellisportsTaskUITests-frameworks-${CONFIGURATION}-input-files.xcfilelist",
			);
			name = "[CP] Embed Pods Frameworks";
			outputFileListPaths = (
				"${PODS_ROOT}/Target Support Files/Pods-IntellisportsTask-IntellisportsTaskUITests/Pods-IntellisportsTask-IntellisportsTaskUITests-frameworks-${CONFIGURATION}-output-files.xcfilelist",
			);
			runOnlyForDeploymentPostprocessing = 0;
			shellPath = /bin/sh;
			shellScript = "\"${PODS_ROOT}/Target Support Files/Pods-IntellisportsTask-IntellisportsTaskUITests/Pods-IntellisportsTask-IntellisportsTaskUITests-frameworks.sh\"\n";
			showEnvVarsInLog = 0;
		};
		13D809347B695B0DFA7730B9 /* [CP] Check Pods Manifest.lock */ = {
			isa = PBXShellScriptBuildPhase;
			buildActionMask = 2147483647;
			files = (
			);
			inputFileListPaths = (
			);
			inputPaths = (
				"${PODS_PODFILE_DIR_PATH}/Podfile.lock",
				"${PODS_ROOT}/Manifest.lock",
			);
			name = "[CP] Check Pods Manifest.lock";
			outputFileListPaths = (
			);
			outputPaths = (
				"$(DERIVED_FILE_DIR)/Pods-IntellisportsTaskTests-checkManifestLockResult.txt",
			);
			runOnlyForDeploymentPostprocessing = 0;
			shellPath = /bin/sh;
			shellScript = "diff \"${PODS_PODFILE_DIR_PATH}/Podfile.lock\" \"${PODS_ROOT}/Manifest.lock\" > /dev/null\nif [ $? != 0 ] ; then\n    # print error to STDERR\n    echo \"error: The sandbox is not in sync with the Podfile.lock. Run 'pod install' or update your CocoaPods installation.\" >&2\n    exit 1\nfi\n# This output is used by Xcode 'outputs' to avoid re-running this script phase.\necho \"SUCCESS\" > \"${SCRIPT_OUTPUT_FILE_0}\"\n";
			showEnvVarsInLog = 0;
		};
		95D34EFDD73F4459F03D1057 /* [CP] Check Pods Manifest.lock */ = {
			isa = PBXShellScriptBuildPhase;
			buildActionMask = 2147483647;
			files = (
			);
			inputFileListPaths = (
			);
			inputPaths = (
				"${PODS_PODFILE_DIR_PATH}/Podfile.lock",
				"${PODS_ROOT}/Manifest.lock",
			);
			name = "[CP] Check Pods Manifest.lock";
			outputFileListPaths = (
			);
			outputPaths = (
				"$(DERIVED_FILE_DIR)/Pods-IntellisportsTask-IntellisportsTaskUITests-checkManifestLockResult.txt",
			);
			runOnlyForDeploymentPostprocessing = 0;
			shellPath = /bin/sh;
			shellScript = "diff \"${PODS_PODFILE_DIR_PATH}/Podfile.lock\" \"${PODS_ROOT}/Manifest.lock\" > /dev/null\nif [ $? != 0 ] ; then\n    # print error to STDERR\n    echo \"error: The sandbox is not in sync with the Podfile.lock. Run 'pod install' or update your CocoaPods installation.\" >&2\n    exit 1\nfi\n# This output is used by Xcode 'outputs' to avoid re-running this script phase.\necho \"SUCCESS\" > \"${SCRIPT_OUTPUT_FILE_0}\"\n";
			showEnvVarsInLog = 0;
		};
		BF36689BF112279313E690BE /* [CP] Check Pods Manifest.lock */ = {
			isa = PBXShellScriptBuildPhase;
			buildActionMask = 2147483647;
			files = (
			);
			inputFileListPaths = (
			);
			inputPaths = (
				"${PODS_PODFILE_DIR_PATH}/Podfile.lock",
				"${PODS_ROOT}/Manifest.lock",
			);
			name = "[CP] Check Pods Manifest.lock";
			outputFileListPaths = (
			);
			outputPaths = (
				"$(DERIVED_FILE_DIR)/Pods-IntellisportsTask-checkManifestLockResult.txt",
			);
			runOnlyForDeploymentPostprocessing = 0;
			shellPath = /bin/sh;
			shellScript = "diff \"${PODS_PODFILE_DIR_PATH}/Podfile.lock\" \"${PODS_ROOT}/Manifest.lock\" > /dev/null\nif [ $? != 0 ] ; then\n    # print error to STDERR\n    echo \"error: The sandbox is not in sync with the Podfile.lock. Run 'pod install' or update your CocoaPods installation.\" >&2\n    exit 1\nfi\n# This output is used by Xcode 'outputs' to avoid re-running this script phase.\necho \"SUCCESS\" > \"${SCRIPT_OUTPUT_FILE_0}\"\n";
			showEnvVarsInLog = 0;
		};
		FDB4140C3AADBC6686F9FD5E /* [CP] Embed Pods Frameworks */ = {
			isa = PBXShellScriptBuildPhase;
			buildActionMask = 2147483647;
			files = (
			);
			inputFileListPaths = (
				"${PODS_ROOT}/Target Support Files/Pods-IntellisportsTask/Pods-IntellisportsTask-frameworks-${CONFIGURATION}-input-files.xcfilelist",
			);
			name = "[CP] Embed Pods Frameworks";
			outputFileListPaths = (
				"${PODS_ROOT}/Target Support Files/Pods-IntellisportsTask/Pods-IntellisportsTask-frameworks-${CONFIGURATION}-output-files.xcfilelist",
			);
			runOnlyForDeploymentPostprocessing = 0;
			shellPath = /bin/sh;
			shellScript = "\"${PODS_ROOT}/Target Support Files/Pods-IntellisportsTask/Pods-IntellisportsTask-frameworks.sh\"\n";
			showEnvVarsInLog = 0;
		};
/* End PBXShellScriptBuildPhase section */

/* Begin PBXSourcesBuildPhase section */
		AB57B876266C926F00CDB8A3 /* Sources */ = {
			isa = PBXSourcesBuildPhase;
			buildActionMask = 2147483647;
			files = (
				AB57B8E0266E691E00CDB8A3 /* PlayerTableViewCell.swift in Sources */,
				AB57B8EB266E7BDB00CDB8A3 /* PlayerListPresenter.swift in Sources */,
				AB57B8CB266C9ABA00CDB8A3 /* PlayerService.swift in Sources */,
				AB57B8BE266C93E000CDB8A3 /* Player.swift in Sources */,
				AB57B882266C926F00CDB8A3 /* PlayerViewController.swift in Sources */,
				AB57B87E266C926F00CDB8A3 /* AppDelegate.swift in Sources */,
				AB57B880266C926F00CDB8A3 /* SceneDelegate.swift in Sources */,
				AB57B8E6266E793200CDB8A3 /* UIView+Extensions.swift in Sources */,
				AB57B8F0266E7F2900CDB8A3 /* Common.swift in Sources */,
				AB57B8C6266C98B300CDB8A3 /* IntelliApiUrl.swift in Sources */,
			);
			runOnlyForDeploymentPostprocessing = 0;
		};
		AB57B88C266C927100CDB8A3 /* Sources */ = {
			isa = PBXSourcesBuildPhase;
			buildActionMask = 2147483647;
			files = (
				AB57B895266C927100CDB8A3 /* IntellisportsTaskTests.swift in Sources */,
			);
			runOnlyForDeploymentPostprocessing = 0;
		};
		AB57B897266C927100CDB8A3 /* Sources */ = {
			isa = PBXSourcesBuildPhase;
			buildActionMask = 2147483647;
			files = (
				AB57B8A0266C927100CDB8A3 /* IntellisportsTaskUITests.swift in Sources */,
			);
			runOnlyForDeploymentPostprocessing = 0;
		};
/* End PBXSourcesBuildPhase section */

/* Begin PBXTargetDependency section */
		AB57B892266C927100CDB8A3 /* PBXTargetDependency */ = {
			isa = PBXTargetDependency;
			target = AB57B879266C926F00CDB8A3 /* IntellisportsTask */;
			targetProxy = AB57B891266C927100CDB8A3 /* PBXContainerItemProxy */;
		};
		AB57B89D266C927100CDB8A3 /* PBXTargetDependency */ = {
			isa = PBXTargetDependency;
			target = AB57B879266C926F00CDB8A3 /* IntellisportsTask */;
			targetProxy = AB57B89C266C927100CDB8A3 /* PBXContainerItemProxy */;
		};
/* End PBXTargetDependency section */

/* Begin PBXVariantGroup section */
		AB57B883266C926F00CDB8A3 /* Main.storyboard */ = {
			isa = PBXVariantGroup;
			children = (
				AB57B884266C926F00CDB8A3 /* Base */,
			);
			name = Main.storyboard;
			sourceTree = "<group>";
		};
		AB57B888266C927100CDB8A3 /* LaunchScreen.storyboard */ = {
			isa = PBXVariantGroup;
			children = (
				AB57B889266C927100CDB8A3 /* Base */,
			);
			name = LaunchScreen.storyboard;
			sourceTree = "<group>";
		};
/* End PBXVariantGroup section */

/* Begin XCBuildConfiguration section */
		AB57B8A2266C927100CDB8A3 /* Debug */ = {
			isa = XCBuildConfiguration;
			buildSettings = {
				ALWAYS_SEARCH_USER_PATHS = NO;
				CLANG_ANALYZER_NONNULL = YES;
				CLANG_ANALYZER_NUMBER_OBJECT_CONVERSION = YES_AGGRESSIVE;
				CLANG_CXX_LANGUAGE_STANDARD = "gnu++14";
				CLANG_CXX_LIBRARY = "libc++";
				CLANG_ENABLE_MODULES = YES;
				CLANG_ENABLE_OBJC_ARC = YES;
				CLANG_ENABLE_OBJC_WEAK = YES;
				CLANG_WARN_BLOCK_CAPTURE_AUTORELEASING = YES;
				CLANG_WARN_BOOL_CONVERSION = YES;
				CLANG_WARN_COMMA = YES;
				CLANG_WARN_CONSTANT_CONVERSION = YES;
				CLANG_WARN_DEPRECATED_OBJC_IMPLEMENTATIONS = YES;
				CLANG_WARN_DIRECT_OBJC_ISA_USAGE = YES_ERROR;
				CLANG_WARN_DOCUMENTATION_COMMENTS = YES;
				CLANG_WARN_EMPTY_BODY = YES;
				CLANG_WARN_ENUM_CONVERSION = YES;
				CLANG_WARN_INFINITE_RECURSION = YES;
				CLANG_WARN_INT_CONVERSION = YES;
				CLANG_WARN_NON_LITERAL_NULL_CONVERSION = YES;
				CLANG_WARN_OBJC_IMPLICIT_RETAIN_SELF = YES;
				CLANG_WARN_OBJC_LITERAL_CONVERSION = YES;
				CLANG_WARN_OBJC_ROOT_CLASS = YES_ERROR;
				CLANG_WARN_QUOTED_INCLUDE_IN_FRAMEWORK_HEADER = YES;
				CLANG_WARN_RANGE_LOOP_ANALYSIS = YES;
				CLANG_WARN_STRICT_PROTOTYPES = YES;
				CLANG_WARN_SUSPICIOUS_MOVE = YES;
				CLANG_WARN_UNGUARDED_AVAILABILITY = YES_AGGRESSIVE;
				CLANG_WARN_UNREACHABLE_CODE = YES;
				CLANG_WARN__DUPLICATE_METHOD_MATCH = YES;
				COPY_PHASE_STRIP = NO;
				DEBUG_INFORMATION_FORMAT = dwarf;
				ENABLE_STRICT_OBJC_MSGSEND = YES;
				ENABLE_TESTABILITY = YES;
				GCC_C_LANGUAGE_STANDARD = gnu11;
				GCC_DYNAMIC_NO_PIC = NO;
				GCC_NO_COMMON_BLOCKS = YES;
				GCC_OPTIMIZATION_LEVEL = 0;
				GCC_PREPROCESSOR_DEFINITIONS = (
					"DEBUG=1",
					"$(inherited)",
				);
				GCC_WARN_64_TO_32_BIT_CONVERSION = YES;
				GCC_WARN_ABOUT_RETURN_TYPE = YES_ERROR;
				GCC_WARN_UNDECLARED_SELECTOR = YES;
				GCC_WARN_UNINITIALIZED_AUTOS = YES_AGGRESSIVE;
				GCC_WARN_UNUSED_FUNCTION = YES;
				GCC_WARN_UNUSED_VARIABLE = YES;
				IPHONEOS_DEPLOYMENT_TARGET = 14.3;
				MTL_ENABLE_DEBUG_INFO = INCLUDE_SOURCE;
				MTL_FAST_MATH = YES;
				ONLY_ACTIVE_ARCH = YES;
				SDKROOT = iphoneos;
				SWIFT_ACTIVE_COMPILATION_CONDITIONS = DEBUG;
				SWIFT_OPTIMIZATION_LEVEL = "-Onone";
			};
			name = Debug;
		};
		AB57B8A3266C927100CDB8A3 /* Release */ = {
			isa = XCBuildConfiguration;
			buildSettings = {
				ALWAYS_SEARCH_USER_PATHS = NO;
				CLANG_ANALYZER_NONNULL = YES;
				CLANG_ANALYZER_NUMBER_OBJECT_CONVERSION = YES_AGGRESSIVE;
				CLANG_CXX_LANGUAGE_STANDARD = "gnu++14";
				CLANG_CXX_LIBRARY = "libc++";
				CLANG_ENABLE_MODULES = YES;
				CLANG_ENABLE_OBJC_ARC = YES;
				CLANG_ENABLE_OBJC_WEAK = YES;
				CLANG_WARN_BLOCK_CAPTURE_AUTORELEASING = YES;
				CLANG_WARN_BOOL_CONVERSION = YES;
				CLANG_WARN_COMMA = YES;
				CLANG_WARN_CONSTANT_CONVERSION = YES;
				CLANG_WARN_DEPRECATED_OBJC_IMPLEMENTATIONS = YES;
				CLANG_WARN_DIRECT_OBJC_ISA_USAGE = YES_ERROR;
				CLANG_WARN_DOCUMENTATION_COMMENTS = YES;
				CLANG_WARN_EMPTY_BODY = YES;
				CLANG_WARN_ENUM_CONVERSION = YES;
				CLANG_WARN_INFINITE_RECURSION = YES;
				CLANG_WARN_INT_CONVERSION = YES;
				CLANG_WARN_NON_LITERAL_NULL_CONVERSION = YES;
				CLANG_WARN_OBJC_IMPLICIT_RETAIN_SELF = YES;
				CLANG_WARN_OBJC_LITERAL_CONVERSION = YES;
				CLANG_WARN_OBJC_ROOT_CLASS = YES_ERROR;
				CLANG_WARN_QUOTED_INCLUDE_IN_FRAMEWORK_HEADER = YES;
				CLANG_WARN_RANGE_LOOP_ANALYSIS = YES;
				CLANG_WARN_STRICT_PROTOTYPES = YES;
				CLANG_WARN_SUSPICIOUS_MOVE = YES;
				CLANG_WARN_UNGUARDED_AVAILABILITY = YES_AGGRESSIVE;
				CLANG_WARN_UNREACHABLE_CODE = YES;
				CLANG_WARN__DUPLICATE_METHOD_MATCH = YES;
				COPY_PHASE_STRIP = NO;
				DEBUG_INFORMATION_FORMAT = "dwarf-with-dsym";
				ENABLE_NS_ASSERTIONS = NO;
				ENABLE_STRICT_OBJC_MSGSEND = YES;
				GCC_C_LANGUAGE_STANDARD = gnu11;
				GCC_NO_COMMON_BLOCKS = YES;
				GCC_WARN_64_TO_32_BIT_CONVERSION = YES;
				GCC_WARN_ABOUT_RETURN_TYPE = YES_ERROR;
				GCC_WARN_UNDECLARED_SELECTOR = YES;
				GCC_WARN_UNINITIALIZED_AUTOS = YES_AGGRESSIVE;
				GCC_WARN_UNUSED_FUNCTION = YES;
				GCC_WARN_UNUSED_VARIABLE = YES;
				IPHONEOS_DEPLOYMENT_TARGET = 14.3;
				MTL_ENABLE_DEBUG_INFO = NO;
				MTL_FAST_MATH = YES;
				SDKROOT = iphoneos;
				SWIFT_COMPILATION_MODE = wholemodule;
				SWIFT_OPTIMIZATION_LEVEL = "-O";
				VALIDATE_PRODUCT = YES;
			};
			name = Release;
		};
		AB57B8A5266C927100CDB8A3 /* Debug */ = {
			isa = XCBuildConfiguration;
			baseConfigurationReference = DAEF7697B6B4E0201515F3CF /* Pods-IntellisportsTask.debug.xcconfig */;
			buildSettings = {
				ASSETCATALOG_COMPILER_APPICON_NAME = AppIcon;
				ASSETCATALOG_COMPILER_GLOBAL_ACCENT_COLOR_NAME = AccentColor;
				CODE_SIGN_STYLE = Automatic;
				DEVELOPMENT_TEAM = 3SE5L5Z43C;
				INFOPLIST_FILE = IntellisportsTask/Info.plist;
				LD_RUNPATH_SEARCH_PATHS = (
					"$(inherited)",
					"@executable_path/Frameworks",
				);
				PRODUCT_BUNDLE_IDENTIFIER = Inceptsol.IntellisportsTask;
				PRODUCT_NAME = "$(TARGET_NAME)";
				SWIFT_VERSION = 5.0;
				TARGETED_DEVICE_FAMILY = "1,2";
			};
			name = Debug;
		};
		AB57B8A6266C927100CDB8A3 /* Release */ = {
			isa = XCBuildConfiguration;
			baseConfigurationReference = E34F5FA4C37CF3116BF74376 /* Pods-IntellisportsTask.release.xcconfig */;
			buildSettings = {
				ASSETCATALOG_COMPILER_APPICON_NAME = AppIcon;
				ASSETCATALOG_COMPILER_GLOBAL_ACCENT_COLOR_NAME = AccentColor;
				CODE_SIGN_STYLE = Automatic;
				DEVELOPMENT_TEAM = 3SE5L5Z43C;
				INFOPLIST_FILE = IntellisportsTask/Info.plist;
				LD_RUNPATH_SEARCH_PATHS = (
					"$(inherited)",
					"@executable_path/Frameworks",
				);
				PRODUCT_BUNDLE_IDENTIFIER = Inceptsol.IntellisportsTask;
				PRODUCT_NAME = "$(TARGET_NAME)";
				SWIFT_VERSION = 5.0;
				TARGETED_DEVICE_FAMILY = "1,2";
			};
			name = Release;
		};
		AB57B8A8266C927100CDB8A3 /* Debug */ = {
			isa = XCBuildConfiguration;
			baseConfigurationReference = 4FC28F6549FC0CF81E19AC76 /* Pods-IntellisportsTaskTests.debug.xcconfig */;
			buildSettings = {
				ALWAYS_EMBED_SWIFT_STANDARD_LIBRARIES = YES;
				BUNDLE_LOADER = "$(TEST_HOST)";
				CODE_SIGN_STYLE = Automatic;
				DEVELOPMENT_TEAM = 3SE5L5Z43C;
				INFOPLIST_FILE = IntellisportsTaskTests/Info.plist;
				IPHONEOS_DEPLOYMENT_TARGET = 14.3;
				LD_RUNPATH_SEARCH_PATHS = (
					"$(inherited)",
					"@executable_path/Frameworks",
					"@loader_path/Frameworks",
				);
				PRODUCT_BUNDLE_IDENTIFIER = Inceptsol.IntellisportsTaskTests;
				PRODUCT_NAME = "$(TARGET_NAME)";
				SWIFT_VERSION = 5.0;
				TARGETED_DEVICE_FAMILY = "1,2";
				TEST_HOST = "$(BUILT_PRODUCTS_DIR)/IntellisportsTask.app/IntellisportsTask";
			};
			name = Debug;
		};
		AB57B8A9266C927100CDB8A3 /* Release */ = {
			isa = XCBuildConfiguration;
			baseConfigurationReference = E5D8A563720961B5F2258BF6 /* Pods-IntellisportsTaskTests.release.xcconfig */;
			buildSettings = {
				ALWAYS_EMBED_SWIFT_STANDARD_LIBRARIES = YES;
				BUNDLE_LOADER = "$(TEST_HOST)";
				CODE_SIGN_STYLE = Automatic;
				DEVELOPMENT_TEAM = 3SE5L5Z43C;
				INFOPLIST_FILE = IntellisportsTaskTests/Info.plist;
				IPHONEOS_DEPLOYMENT_TARGET = 14.3;
				LD_RUNPATH_SEARCH_PATHS = (
					"$(inherited)",
					"@executable_path/Frameworks",
					"@loader_path/Frameworks",
				);
				PRODUCT_BUNDLE_IDENTIFIER = Inceptsol.IntellisportsTaskTests;
				PRODUCT_NAME = "$(TARGET_NAME)";
				SWIFT_VERSION = 5.0;
				TARGETED_DEVICE_FAMILY = "1,2";
				TEST_HOST = "$(BUILT_PRODUCTS_DIR)/IntellisportsTask.app/IntellisportsTask";
			};
			name = Release;
		};
		AB57B8AB266C927100CDB8A3 /* Debug */ = {
			isa = XCBuildConfiguration;
			baseConfigurationReference = 7EB9049DF365FCF6C3A884B5 /* Pods-IntellisportsTask-IntellisportsTaskUITests.debug.xcconfig */;
			buildSettings = {
				ALWAYS_EMBED_SWIFT_STANDARD_LIBRARIES = YES;
				CODE_SIGN_STYLE = Automatic;
				DEVELOPMENT_TEAM = 3SE5L5Z43C;
				INFOPLIST_FILE = IntellisportsTaskUITests/Info.plist;
				LD_RUNPATH_SEARCH_PATHS = (
					"$(inherited)",
					"@executable_path/Frameworks",
					"@loader_path/Frameworks",
				);
				PRODUCT_BUNDLE_IDENTIFIER = Inceptsol.IntellisportsTaskUITests;
				PRODUCT_NAME = "$(TARGET_NAME)";
				SWIFT_VERSION = 5.0;
				TARGETED_DEVICE_FAMILY = "1,2";
				TEST_TARGET_NAME = IntellisportsTask;
			};
			name = Debug;
		};
		AB57B8AC266C927100CDB8A3 /* Release */ = {
			isa = XCBuildConfiguration;
			baseConfigurationReference = 589609BC4715F2D353C2DF1F /* Pods-IntellisportsTask-IntellisportsTaskUITests.release.xcconfig */;
			buildSettings = {
				ALWAYS_EMBED_SWIFT_STANDARD_LIBRARIES = YES;
				CODE_SIGN_STYLE = Automatic;
				DEVELOPMENT_TEAM = 3SE5L5Z43C;
				INFOPLIST_FILE = IntellisportsTaskUITests/Info.plist;
				LD_RUNPATH_SEARCH_PATHS = (
					"$(inherited)",
					"@executable_path/Frameworks",
					"@loader_path/Frameworks",
				);
				PRODUCT_BUNDLE_IDENTIFIER = Inceptsol.IntellisportsTaskUITests;
				PRODUCT_NAME = "$(TARGET_NAME)";
				SWIFT_VERSION = 5.0;
				TARGETED_DEVICE_FAMILY = "1,2";
				TEST_TARGET_NAME = IntellisportsTask;
			};
			name = Release;
		};
/* End XCBuildConfiguration section */

/* Begin XCConfigurationList section */
		AB57B875266C926F00CDB8A3 /* Build configuration list for PBXProject "IntellisportsTask" */ = {
			isa = XCConfigurationList;
			buildConfigurations = (
				AB57B8A2266C927100CDB8A3 /* Debug */,
				AB57B8A3266C927100CDB8A3 /* Release */,
			);
			defaultConfigurationIsVisible = 0;
			defaultConfigurationName = Release;
		};
		AB57B8A4266C927100CDB8A3 /* Build configuration list for PBXNativeTarget "IntellisportsTask" */ = {
			isa = XCConfigurationList;
			buildConfigurations = (
				AB57B8A5266C927100CDB8A3 /* Debug */,
				AB57B8A6266C927100CDB8A3 /* Release */,
			);
			defaultConfigurationIsVisible = 0;
			defaultConfigurationName = Release;
		};
		AB57B8A7266C927100CDB8A3 /* Build configuration list for PBXNativeTarget "IntellisportsTaskTests" */ = {
			isa = XCConfigurationList;
			buildConfigurations = (
				AB57B8A8266C927100CDB8A3 /* Debug */,
				AB57B8A9266C927100CDB8A3 /* Release */,
			);
			defaultConfigurationIsVisible = 0;
			defaultConfigurationName = Release;
		};
		AB57B8AA266C927100CDB8A3 /* Build configuration list for PBXNativeTarget "IntellisportsTaskUITests" */ = {
			isa = XCConfigurationList;
			buildConfigurations = (
				AB57B8AB266C927100CDB8A3 /* Debug */,
				AB57B8AC266C927100CDB8A3 /* Release */,
			);
			defaultConfigurationIsVisible = 0;
			defaultConfigurationName = Release;
		};
/* End XCConfigurationList section */
	};
	rootObject = AB57B872266C926F00CDB8A3 /* Project object */;
}
